
Microsoft Visual Studio Solution File, Format Version 12.00
# Visual Studio Version 17
VisualStudioVersion = 17.1.32319.34
MinimumVisualStudioVersion = 10.0.40219.1
Project("{FAE04EC0-301F-11D3-BF4B-00C04F79EFBC}") = "Binary_Search_Tree", "Binary_Search_Tree\Binary_Search_Tree.csproj", "{ED96127F-E767-4122-B206-79E4CA4B8202}"
EndProject
Global
	GlobalSection(SolutionConfigurationPlatforms) = preSolution
		Debug|Any CPU = Debug|Any CPU
		Release|Any CPU = Release|Any CPU
	EndGlobalSection
	GlobalSection(ProjectConfigurationPlatforms) = postSolution
		{ED96127F-E767-4122-B206-79E4CA4B8202}.Debug|Any CPU.ActiveCfg = Debug|Any CPU
		{ED96127F-E767-4122-B206-79E4CA4B8202}.Debug|Any CPU.Build.0 = Debug|Any CPU
		{ED96127F-E767-4122-B206-79E4CA4B8202}.Release|Any CPU.ActiveCfg = Release|Any CPU
		{ED96127F-E767-4122-B206-79E4CA4B8202}.Release|Any CPU.Build.0 = Release|Any CPU
	EndGlobalSection
	GlobalSection(SolutionProperties) = preSolution
		HideSolutionNode = FALSE
	EndGlobalSection
	GlobalSection(ExtensibilityGlobals) = postSolution
		SolutionGuid = {95D385E5-A5D4-4E13-95A5-E593333B4024}
	EndGlobalSection
EndGlobal
